{
  "version": 4,
  "terraform_version": "1.6.4",
  "serial": 135,
  "lineage": "bfa028f0-893d-a8bd-6c4d-ead75b9b5f66",
  "outputs": {
    "output": {
      "value": "this is the public ip address: 172.178.10.107 and this is the username: adminuser",
      "type": "string"
    }
  },
  "resources": [
    {
      "mode": "data",
      "type": "azurerm_public_ip",
      "name": "RG1_pu_ipp",
      "provider": "provider[\"registry.terraform.io/hashicorp/azurerm\"]",
      "instances": [
        {
          "schema_version": 0,
          "attributes": {
            "allocation_method": "Static",
            "ddos_protection_mode": "VirtualNetworkInherited",
            "ddos_protection_plan_id": null,
            "domain_name_label": "",
            "fqdn": "",
            "id": "/subscriptions/8d6c973a-cd58-469c-92bb-3fd4ee32d12a/resourceGroups/RG1/providers/Microsoft.Network/publicIPAddresses/RG1-pubip",
            "idle_timeout_in_minutes": 4,
            "ip_address": "172.178.10.107",
            "ip_tags": {},
            "ip_version": "IPv4",
            "location": "eastus",
            "name": "RG1-pubip",
            "resource_group_name": "RG1",
            "reverse_fqdn": "",
            "sku": "Basic",
            "tags": {
              "env": "dev"
            },
            "timeouts": null,
            "zones": []
          },
          "sensitive_attributes": []
        }
      ]
    },
    {
      "mode": "data",
      "type": "azurerm_virtual_machine",
      "name": "RG1_vm",
      "provider": "provider[\"registry.terraform.io/hashicorp/azurerm\"]",
      "instances": [
        {
          "schema_version": 0,
          "attributes": {
            "id": "/subscriptions/8d6c973a-cd58-469c-92bb-3fd4ee32d12a/resourceGroups/RG1/providers/Microsoft.Compute/virtualMachines/MyVM",
            "identity": [],
            "location": "eastus",
            "name": "MyVM",
            "power_state": "running",
            "private_ip_address": "1.0.1.4",
            "private_ip_addresses": [
              "1.0.1.4"
            ],
            "public_ip_address": "172.178.10.107",
            "public_ip_addresses": [
              "172.178.10.107"
            ],
            "resource_group_name": "RG1",
            "timeouts": null
          },
          "sensitive_attributes": []
        }
      ]
    },
    {
      "mode": "managed",
      "type": "azurerm_linux_virtual_machine",
      "name": "RG1_vm",
      "provider": "provider[\"registry.terraform.io/hashicorp/azurerm\"]",
      "instances": [
        {
          "schema_version": 0,
          "attributes": {
            "additional_capabilities": [],
            "admin_password": null,
            "admin_ssh_key": [
              {
                "public_key": "ssh-rsa AAAAB3NzaC1yc2EAAAADAQABAAABgQD4HxjV/2/KG4AqeHia7LDjFTmKcMkAnv0uyWIto0K7IgqOBSxYMB46vOgNOtiE8qEYHs1DhTLwW1DjSN+Wmk5NAklXKESUKDvcXwhaF6dC2SqMQfvhki5aYG5IbfLbG2N+wzQ8l+oyHsr3ToNMiNnNrgi3KTcLclaTY4tGjZ7mcBeR1q4sudomU6GL5gIz8n8wRLqWhX1XiZMS8NXd1EDcGmsPJhuP9I2xgP+/FfZgxqryi98wkfsyzWM7NaIb+ghBbDc+c6Yc77ifBzFsEEMnRsjHiJT5YJu428abgQGZd968FXRquoGENUxowh00xFPJh488MSSywLKONx9Wt9ZYlLCDkkmAzlDXKTknMKJ4wG4ijnraW5os5M1qV+YZA0DZJOhaYt49lZILc27zN9+Pb+wQzldzvPnb178FGm7/RH869DcDI5z5s3Wnu1ttFv7K5ffV0181wdStpp/Z+Z98hB9Ps/5jO0739+29X4I5jXLrFnmUmf2c/KzvsK9kwH0= ywsl@LAPTOP-5CN721GA\n",
                "username": "adminuser"
              }
            ],
            "admin_username": "adminuser",
            "allow_extension_operations": true,
            "availability_set_id": "",
            "boot_diagnostics": [],
            "bypass_platform_safety_checks_on_user_schedule_enabled": false,
            "capacity_reservation_group_id": "",
            "computer_name": "MyVM",
            "custom_data": null,
            "dedicated_host_group_id": "",
            "dedicated_host_id": "",
            "disable_password_authentication": true,
            "edge_zone": "",
            "encryption_at_host_enabled": false,
            "eviction_policy": "",
            "extensions_time_budget": "PT1H30M",
            "gallery_application": [],
            "id": "/subscriptions/8d6c973a-cd58-469c-92bb-3fd4ee32d12a/resourceGroups/RG1/providers/Microsoft.Compute/virtualMachines/MyVM",
            "identity": [],
            "license_type": "",
            "location": "eastus",
            "max_bid_price": -1,
            "name": "MyVM",
            "network_interface_ids": [
              "/subscriptions/8d6c973a-cd58-469c-92bb-3fd4ee32d12a/resourceGroups/RG1/providers/Microsoft.Network/networkInterfaces/RG1_ni"
            ],
            "os_disk": [
              {
                "caching": "ReadWrite",
                "diff_disk_settings": [],
                "disk_encryption_set_id": "",
                "disk_size_gb": 30,
                "name": "MyVM_disk1_04e34a2f91f044819b55c36f634702fe",
                "secure_vm_disk_encryption_set_id": "",
                "security_encryption_type": "",
                "storage_account_type": "Standard_LRS",
                "write_accelerator_enabled": false
              }
            ],
            "patch_assessment_mode": "ImageDefault",
            "patch_mode": "ImageDefault",
            "plan": [],
            "platform_fault_domain": -1,
            "priority": "Regular",
            "private_ip_address": "1.0.1.4",
            "private_ip_addresses": [
              "1.0.1.4"
            ],
            "provision_vm_agent": true,
            "proximity_placement_group_id": "",
            "public_ip_address": "172.178.10.107",
            "public_ip_addresses": [
              "172.178.10.107"
            ],
            "reboot_setting": "",
            "resource_group_name": "RG1",
            "secret": [],
            "secure_boot_enabled": false,
            "size": "Standard_B1s",
            "source_image_id": "",
            "source_image_reference": [
              {
                "offer": "0001-com-ubuntu-server-jammy",
                "publisher": "Canonical",
                "sku": "22_04-lts",
                "version": "latest"
              }
            ],
            "tags": {
              "env": "dev"
            },
            "termination_notification": null,
            "timeouts": null,
            "user_data": "",
            "virtual_machine_id": "c272f6e9-c99b-4edd-bb2e-b4e61c2610b2",
            "virtual_machine_scale_set_id": "",
            "vtpm_enabled": false,
            "zone": ""
          },
          "sensitive_attributes": [],
          "private": "eyJlMmJmYjczMC1lY2FhLTExZTYtOGY4OC0zNDM2M2JjN2M0YzAiOnsiY3JlYXRlIjoyNzAwMDAwMDAwMDAwLCJkZWxldGUiOjI3MDAwMDAwMDAwMDAsInJlYWQiOjMwMDAwMDAwMDAwMCwidXBkYXRlIjoyNzAwMDAwMDAwMDAwfX0=",
          "dependencies": [
            "azurerm_network_interface.RG1_ni",
            "azurerm_public_ip.RG1_pubip",
            "azurerm_resource_group.RG1",
            "azurerm_subnet.RG1_subnet",
            "azurerm_virtual_network.RG1_network"
          ]
        }
      ]
    },
    {
      "mode": "managed",
      "type": "azurerm_network_interface",
      "name": "RG1_ni",
      "provider": "provider[\"registry.terraform.io/hashicorp/azurerm\"]",
      "instances": [
        {
          "schema_version": 0,
          "attributes": {
            "applied_dns_servers": [],
            "auxiliary_mode": "",
            "auxiliary_sku": "",
            "dns_servers": [],
            "edge_zone": "",
            "enable_accelerated_networking": false,
            "enable_ip_forwarding": false,
            "id": "/subscriptions/8d6c973a-cd58-469c-92bb-3fd4ee32d12a/resourceGroups/RG1/providers/Microsoft.Network/networkInterfaces/RG1_ni",
            "internal_dns_name_label": "",
            "internal_domain_name_suffix": "ebw20dwvbyvezoncum0pbffpvg.bx.internal.cloudapp.net",
            "ip_configuration": [
              {
                "gateway_load_balancer_frontend_ip_configuration_id": "",
                "name": "internal",
                "primary": true,
                "private_ip_address": "1.0.1.4",
                "private_ip_address_allocation": "Dynamic",
                "private_ip_address_version": "IPv4",
                "public_ip_address_id": "/subscriptions/8d6c973a-cd58-469c-92bb-3fd4ee32d12a/resourceGroups/RG1/providers/Microsoft.Network/publicIPAddresses/RG1-pubip",
                "subnet_id": "/subscriptions/8d6c973a-cd58-469c-92bb-3fd4ee32d12a/resourceGroups/RG1/providers/Microsoft.Network/virtualNetworks/RG1_network/subnets/RG1_subnet"
              }
            ],
            "location": "eastus",
            "mac_address": "",
            "name": "RG1_ni",
            "private_ip_address": "1.0.1.4",
            "private_ip_addresses": [
              "1.0.1.4"
            ],
            "resource_group_name": "RG1",
            "tags": null,
            "timeouts": null,
            "virtual_machine_id": ""
          },
          "sensitive_attributes": [],
          "private": "eyJlMmJmYjczMC1lY2FhLTExZTYtOGY4OC0zNDM2M2JjN2M0YzAiOnsiY3JlYXRlIjoxODAwMDAwMDAwMDAwLCJkZWxldGUiOjE4MDAwMDAwMDAwMDAsInJlYWQiOjMwMDAwMDAwMDAwMCwidXBkYXRlIjoxODAwMDAwMDAwMDAwfX0=",
          "dependencies": [
            "azurerm_public_ip.RG1_pubip",
            "azurerm_resource_group.RG1",
            "azurerm_subnet.RG1_subnet",
            "azurerm_virtual_network.RG1_network"
          ]
        }
      ]
    },
    {
      "mode": "managed",
      "type": "azurerm_network_security_group",
      "name": "RG1_sg",
      "provider": "provider[\"registry.terraform.io/hashicorp/azurerm\"]",
      "instances": [
        {
          "schema_version": 0,
          "attributes": {
            "id": "/subscriptions/8d6c973a-cd58-469c-92bb-3fd4ee32d12a/resourceGroups/RG1/providers/Microsoft.Network/networkSecurityGroups/RG1-sg",
            "location": "eastus",
            "name": "RG1-sg",
            "resource_group_name": "RG1",
            "security_rule": [],
            "tags": {
              "env": "dev"
            },
            "timeouts": null
          },
          "sensitive_attributes": [],
          "private": "eyJlMmJmYjczMC1lY2FhLTExZTYtOGY4OC0zNDM2M2JjN2M0YzAiOnsiY3JlYXRlIjoxODAwMDAwMDAwMDAwLCJkZWxldGUiOjE4MDAwMDAwMDAwMDAsInJlYWQiOjMwMDAwMDAwMDAwMCwidXBkYXRlIjoxODAwMDAwMDAwMDAwfX0=",
          "dependencies": [
            "azurerm_resource_group.RG1"
          ]
        }
      ]
    },
    {
      "mode": "managed",
      "type": "azurerm_network_security_rule",
      "name": "RG1_sr",
      "provider": "provider[\"registry.terraform.io/hashicorp/azurerm\"]",
      "instances": [
        {
          "schema_version": 0,
          "attributes": {
            "access": "Allow",
            "description": "",
            "destination_address_prefix": "*",
            "destination_address_prefixes": null,
            "destination_application_security_group_ids": null,
            "destination_port_range": "*",
            "destination_port_ranges": null,
            "direction": "Inbound",
            "id": "/subscriptions/8d6c973a-cd58-469c-92bb-3fd4ee32d12a/resourceGroups/RG1/providers/Microsoft.Network/networkSecurityGroups/RG1-sg/securityRules/rule1",
            "name": "rule1",
            "network_security_group_name": "RG1-sg",
            "priority": 100,
            "protocol": "*",
            "resource_group_name": "RG1",
            "source_address_prefix": "*",
            "source_address_prefixes": null,
            "source_application_security_group_ids": null,
            "source_port_range": "*",
            "source_port_ranges": null,
            "timeouts": null
          },
          "sensitive_attributes": [],
          "private": "eyJlMmJmYjczMC1lY2FhLTExZTYtOGY4OC0zNDM2M2JjN2M0YzAiOnsiY3JlYXRlIjoxODAwMDAwMDAwMDAwLCJkZWxldGUiOjE4MDAwMDAwMDAwMDAsInJlYWQiOjMwMDAwMDAwMDAwMCwidXBkYXRlIjoxODAwMDAwMDAwMDAwfX0=",
          "dependencies": [
            "azurerm_network_security_group.RG1_sg",
            "azurerm_resource_group.RG1"
          ]
        }
      ]
    },
    {
      "mode": "managed",
      "type": "azurerm_public_ip",
      "name": "RG1_pubip",
      "provider": "provider[\"registry.terraform.io/hashicorp/azurerm\"]",
      "instances": [
        {
          "schema_version": 0,
          "attributes": {
            "allocation_method": "Static",
            "ddos_protection_mode": "VirtualNetworkInherited",
            "ddos_protection_plan_id": null,
            "domain_name_label": null,
            "edge_zone": "",
            "fqdn": null,
            "id": "/subscriptions/8d6c973a-cd58-469c-92bb-3fd4ee32d12a/resourceGroups/RG1/providers/Microsoft.Network/publicIPAddresses/RG1-pubip",
            "idle_timeout_in_minutes": 4,
            "ip_address": "172.178.10.107",
            "ip_tags": null,
            "ip_version": "IPv4",
            "location": "eastus",
            "name": "RG1-pubip",
            "public_ip_prefix_id": null,
            "resource_group_name": "RG1",
            "reverse_fqdn": null,
            "sku": "Basic",
            "sku_tier": "Regional",
            "tags": {
              "env": "dev"
            },
            "timeouts": null,
            "zones": null
          },
          "sensitive_attributes": [],
          "private": "eyJlMmJmYjczMC1lY2FhLTExZTYtOGY4OC0zNDM2M2JjN2M0YzAiOnsiY3JlYXRlIjoxODAwMDAwMDAwMDAwLCJkZWxldGUiOjE4MDAwMDAwMDAwMDAsInJlYWQiOjMwMDAwMDAwMDAwMCwidXBkYXRlIjoxODAwMDAwMDAwMDAwfX0=",
          "dependencies": [
            "azurerm_resource_group.RG1"
          ]
        }
      ]
    },
    {
      "mode": "managed",
      "type": "azurerm_resource_group",
      "name": "RG1",
      "provider": "provider[\"registry.terraform.io/hashicorp/azurerm\"]",
      "instances": [
        {
          "schema_version": 0,
          "attributes": {
            "id": "/subscriptions/8d6c973a-cd58-469c-92bb-3fd4ee32d12a/resourceGroups/RG1",
            "location": "eastus",
            "managed_by": "",
            "name": "RG1",
            "tags": {
              "env": "dev"
            },
            "timeouts": null
          },
          "sensitive_attributes": [],
          "private": "eyJlMmJmYjczMC1lY2FhLTExZTYtOGY4OC0zNDM2M2JjN2M0YzAiOnsiY3JlYXRlIjo1NDAwMDAwMDAwMDAwLCJkZWxldGUiOjU0MDAwMDAwMDAwMDAsInJlYWQiOjMwMDAwMDAwMDAwMCwidXBkYXRlIjo1NDAwMDAwMDAwMDAwfX0="
        }
      ]
    },
    {
      "mode": "managed",
      "type": "azurerm_subnet",
      "name": "RG1_subnet",
      "provider": "provider[\"registry.terraform.io/hashicorp/azurerm\"]",
      "instances": [
        {
          "schema_version": 0,
          "attributes": {
            "address_prefixes": [
              "1.0.1.0/24"
            ],
            "delegation": [],
            "enforce_private_link_endpoint_network_policies": false,
            "enforce_private_link_service_network_policies": false,
            "id": "/subscriptions/8d6c973a-cd58-469c-92bb-3fd4ee32d12a/resourceGroups/RG1/providers/Microsoft.Network/virtualNetworks/RG1_network/subnets/RG1_subnet",
            "name": "RG1_subnet",
            "private_endpoint_network_policies_enabled": true,
            "private_link_service_network_policies_enabled": true,
            "resource_group_name": "RG1",
            "service_endpoint_policy_ids": null,
            "service_endpoints": null,
            "timeouts": null,
            "virtual_network_name": "RG1_network"
          },
          "sensitive_attributes": [],
          "private": "eyJlMmJmYjczMC1lY2FhLTExZTYtOGY4OC0zNDM2M2JjN2M0YzAiOnsiY3JlYXRlIjoxODAwMDAwMDAwMDAwLCJkZWxldGUiOjE4MDAwMDAwMDAwMDAsInJlYWQiOjMwMDAwMDAwMDAwMCwidXBkYXRlIjoxODAwMDAwMDAwMDAwfX0=",
          "dependencies": [
            "azurerm_resource_group.RG1",
            "azurerm_virtual_network.RG1_network"
          ]
        }
      ]
    },
    {
      "mode": "managed",
      "type": "azurerm_subnet_network_security_group_association",
      "name": "RG1_sga",
      "provider": "provider[\"registry.terraform.io/hashicorp/azurerm\"]",
      "instances": [
        {
          "schema_version": 0,
          "attributes": {
            "id": "/subscriptions/8d6c973a-cd58-469c-92bb-3fd4ee32d12a/resourceGroups/RG1/providers/Microsoft.Network/virtualNetworks/RG1_network/subnets/RG1_subnet",
            "network_security_group_id": "/subscriptions/8d6c973a-cd58-469c-92bb-3fd4ee32d12a/resourceGroups/RG1/providers/Microsoft.Network/networkSecurityGroups/RG1-sg",
            "subnet_id": "/subscriptions/8d6c973a-cd58-469c-92bb-3fd4ee32d12a/resourceGroups/RG1/providers/Microsoft.Network/virtualNetworks/RG1_network/subnets/RG1_subnet",
            "timeouts": null
          },
          "sensitive_attributes": [],
          "private": "eyJlMmJmYjczMC1lY2FhLTExZTYtOGY4OC0zNDM2M2JjN2M0YzAiOnsiY3JlYXRlIjoxODAwMDAwMDAwMDAwLCJkZWxldGUiOjE4MDAwMDAwMDAwMDAsInJlYWQiOjMwMDAwMDAwMDAwMCwidXBkYXRlIjoxODAwMDAwMDAwMDAwfX0=",
          "dependencies": [
            "azurerm_network_security_group.RG1_sg",
            "azurerm_resource_group.RG1",
            "azurerm_subnet.RG1_subnet",
            "azurerm_virtual_network.RG1_network"
          ]
        }
      ]
    },
    {
      "mode": "managed",
      "type": "azurerm_virtual_network",
      "name": "RG1_network",
      "provider": "provider[\"registry.terraform.io/hashicorp/azurerm\"]",
      "instances": [
        {
          "schema_version": 0,
          "attributes": {
            "address_space": [
              "1.0.0.0/16"
            ],
            "bgp_community": "",
            "ddos_protection_plan": [],
            "dns_servers": [],
            "edge_zone": "",
            "encryption": [],
            "flow_timeout_in_minutes": 0,
            "guid": "0ecd6d20-0ed5-4c2a-b9a2-a334f094afae",
            "id": "/subscriptions/8d6c973a-cd58-469c-92bb-3fd4ee32d12a/resourceGroups/RG1/providers/Microsoft.Network/virtualNetworks/RG1_network",
            "location": "eastus",
            "name": "RG1_network",
            "resource_group_name": "RG1",
            "subnet": [],
            "tags": {
              "env": "dev"
            },
            "timeouts": null
          },
          "sensitive_attributes": [],
          "private": "eyJlMmJmYjczMC1lY2FhLTExZTYtOGY4OC0zNDM2M2JjN2M0YzAiOnsiY3JlYXRlIjoxODAwMDAwMDAwMDAwLCJkZWxldGUiOjE4MDAwMDAwMDAwMDAsInJlYWQiOjMwMDAwMDAwMDAwMCwidXBkYXRlIjoxODAwMDAwMDAwMDAwfX0=",
          "dependencies": [
            "azurerm_resource_group.RG1"
          ]
        }
      ]
    }
  ],
  "check_results": null
}
